
Microsoft Visual Studio Solution File, Format Version 12.00
# Visual Studio 15
VisualStudioVersion = 15.0.28307.168
MinimumVisualStudioVersion = 10.0.40219.1
Project("{FAE04EC0-301F-11D3-BF4B-00C04F79EFBC}") = "DendoSoapSample", "DendoSoapSample\DendoSoapSample.csproj", "{049039CD-2342-4A19-8F45-83518CC683C3}"
EndProject
Global
	GlobalSection(SolutionConfigurationPlatforms) = preSolution
		Debug|Any CPU = Debug|Any CPU
		Release|Any CPU = Release|Any CPU
	EndGlobalSection
	GlobalSection(ProjectConfigurationPlatforms) = postSolution
		{049039CD-2342-4A19-8F45-83518CC683C3}.Debug|Any CPU.ActiveCfg = Debug|Any CPU
		{049039CD-2342-4A19-8F45-83518CC683C3}.Debug|Any CPU.Build.0 = Debug|Any CPU
		{049039CD-2342-4A19-8F45-83518CC683C3}.Release|Any CPU.ActiveCfg = Release|Any CPU
		{049039CD-2342-4A19-8F45-83518CC683C3}.Release|Any CPU.Build.0 = Release|Any CPU
	EndGlobalSection
	GlobalSection(SolutionProperties) = preSolution
		HideSolutionNode = FALSE
	EndGlobalSection
	GlobalSection(ExtensibilityGlobals) = postSolution
		SolutionGuid = {F9DFB601-712B-4969-B9BC-01D5013E3F78}
	EndGlobalSection
EndGlobal
